
Microsoft Visual Studio Solution File, Format Version 12.00
# Visual Studio 15
VisualStudioVersion = 15.0.27004.2009
MinimumVisualStudioVersion = 10.0.40219.1
Project("{FAE04EC0-301F-11D3-BF4B-00C04F79EFBC}") = "HelloCI.Web", "HelloCI.Web\HelloCI.Web.csproj", "{46C4D186-D785-459C-9837-6AC20B364D6B}"
EndProject
Project("{FAE04EC0-301F-11D3-BF4B-00C04F79EFBC}") = "HelloCI.Web.UnitTests", "HelloCI.Web.UnitTests\HelloCI.Web.UnitTests.csproj", "{95017950-5C18-4429-9834-2F75A244E2A5}"
EndProject
Global
	GlobalSection(SolutionConfigurationPlatforms) = preSolution
		Debug|Any CPU = Debug|Any CPU
		Release|Any CPU = Release|Any CPU
	EndGlobalSection
	GlobalSection(ProjectConfigurationPlatforms) = postSolution
		{46C4D186-D785-459C-9837-6AC20B364D6B}.Debug|Any CPU.ActiveCfg = Debug|Any CPU
		{46C4D186-D785-459C-9837-6AC20B364D6B}.Debug|Any CPU.Build.0 = Debug|Any CPU
		{46C4D186-D785-459C-9837-6AC20B364D6B}.Release|Any CPU.ActiveCfg = Release|Any CPU
		{46C4D186-D785-459C-9837-6AC20B364D6B}.Release|Any CPU.Build.0 = Release|Any CPU
		{95017950-5C18-4429-9834-2F75A244E2A5}.Debug|Any CPU.ActiveCfg = Debug|Any CPU
		{95017950-5C18-4429-9834-2F75A244E2A5}.Debug|Any CPU.Build.0 = Debug|Any CPU
		{95017950-5C18-4429-9834-2F75A244E2A5}.Release|Any CPU.ActiveCfg = Release|Any CPU
		{95017950-5C18-4429-9834-2F75A244E2A5}.Release|Any CPU.Build.0 = Release|Any CPU
	EndGlobalSection
	GlobalSection(SolutionProperties) = preSolution
		HideSolutionNode = FALSE
	EndGlobalSection
	GlobalSection(ExtensibilityGlobals) = postSolution
		SolutionGuid = {A4A4645E-7B72-42C9-A7DC-ADF3F7AA89E1}
	EndGlobalSection
EndGlobal
